
Microsoft Visual Studio Solution File, Format Version 12.00
# Visual Studio Version 17
VisualStudioVersion = 17.8.34309.116
MinimumVisualStudioVersion = 10.0.40219.1
Project("{2150E333-8FDC-42A3-9474-1A3956D46DE8}") = "src", "src", "{8C0C07D5-D180-45FE-9320-02750DBEFCEA}"
EndProject
Project("{2150E333-8FDC-42A3-9474-1A3956D46DE8}") = "tests", "tests", "{29A12AE2-D260-4CFB-9768-606097DAE065}"
EndProject
Project("{FAE04EC0-301F-11D3-BF4B-00C04F79EFBC}") = "APILeilao.API", "src\APILeilao.API\APILeilao.API.csproj", "{0D202433-0EFC-4FE2-B088-2E928C97EEC5}"
EndProject
Global
	GlobalSection(SolutionConfigurationPlatforms) = preSolution
		Debug|Any CPU = Debug|Any CPU
		Release|Any CPU = Release|Any CPU
	EndGlobalSection
	GlobalSection(ProjectConfigurationPlatforms) = postSolution
		{0D202433-0EFC-4FE2-B088-2E928C97EEC5}.Debug|Any CPU.ActiveCfg = Debug|Any CPU
		{0D202433-0EFC-4FE2-B088-2E928C97EEC5}.Debug|Any CPU.Build.0 = Debug|Any CPU
		{0D202433-0EFC-4FE2-B088-2E928C97EEC5}.Release|Any CPU.ActiveCfg = Release|Any CPU
		{0D202433-0EFC-4FE2-B088-2E928C97EEC5}.Release|Any CPU.Build.0 = Release|Any CPU
	EndGlobalSection
	GlobalSection(SolutionProperties) = preSolution
		HideSolutionNode = FALSE
	EndGlobalSection
	GlobalSection(NestedProjects) = preSolution
		{0D202433-0EFC-4FE2-B088-2E928C97EEC5} = {8C0C07D5-D180-45FE-9320-02750DBEFCEA}
	EndGlobalSection
	GlobalSection(ExtensibilityGlobals) = postSolution
		SolutionGuid = {17E703AB-2618-4B17-9018-122BEFFBD990}
	EndGlobalSection
EndGlobal
